
Microsoft Visual Studio Solution File, Format Version 12.00
# Visual Studio 2017
Project("{FAE04EC0-301F-11D3-BF4B-00C04F79EFBC}") = "ZalieN Shooter.Plugins", "ZalieN Shooter.Plugins.csproj", "{03E6D622-BEDD-32E5-061F-8418EA70E37A}"
EndProject
Project("{FAE04EC0-301F-11D3-BF4B-00C04F79EFBC}") = "ZalieN Shooter", "ZalieN Shooter.csproj", "{30BB9842-92DA-EEF2-6ED6-50B8532FF205}"
EndProject
Project("{FAE04EC0-301F-11D3-BF4B-00C04F79EFBC}") = "ZalieN Shooter.Editor.Plugins", "ZalieN Shooter.Editor.Plugins.csproj", "{515415BC-D1CC-3CBD-0221-B749C6B955A3}"
EndProject
Global
	GlobalSection(SolutionConfigurationPlatforms) = preSolution
		Debug|Any CPU = Debug|Any CPU
		Release|Any CPU = Release|Any CPU
	EndGlobalSection
	GlobalSection(ProjectConfigurationPlatforms) = postSolution
		{03E6D622-BEDD-32E5-061F-8418EA70E37A}.Debug|Any CPU.ActiveCfg = Debug|Any CPU
		{03E6D622-BEDD-32E5-061F-8418EA70E37A}.Debug|Any CPU.Build.0 = Debug|Any CPU
		{03E6D622-BEDD-32E5-061F-8418EA70E37A}.Release|Any CPU.ActiveCfg = Release|Any CPU
		{03E6D622-BEDD-32E5-061F-8418EA70E37A}.Release|Any CPU.Build.0 = Release|Any CPU
		{30BB9842-92DA-EEF2-6ED6-50B8532FF205}.Debug|Any CPU.ActiveCfg = Debug|Any CPU
		{30BB9842-92DA-EEF2-6ED6-50B8532FF205}.Debug|Any CPU.Build.0 = Debug|Any CPU
		{30BB9842-92DA-EEF2-6ED6-50B8532FF205}.Release|Any CPU.ActiveCfg = Release|Any CPU
		{30BB9842-92DA-EEF2-6ED6-50B8532FF205}.Release|Any CPU.Build.0 = Release|Any CPU
		{515415BC-D1CC-3CBD-0221-B749C6B955A3}.Debug|Any CPU.ActiveCfg = Debug|Any CPU
		{515415BC-D1CC-3CBD-0221-B749C6B955A3}.Debug|Any CPU.Build.0 = Debug|Any CPU
		{515415BC-D1CC-3CBD-0221-B749C6B955A3}.Release|Any CPU.ActiveCfg = Release|Any CPU
		{515415BC-D1CC-3CBD-0221-B749C6B955A3}.Release|Any CPU.Build.0 = Release|Any CPU
	EndGlobalSection
	GlobalSection(SolutionProperties) = preSolution
		HideSolutionNode = FALSE
	EndGlobalSection
EndGlobal
